
Microsoft Visual Studio Solution File, Format Version 12.00
# Visual Studio Version 17
VisualStudioVersion = 17.9.34622.214
MinimumVisualStudioVersion = 10.0.40219.1
Project("{FAE04EC0-301F-11D3-BF4B-00C04F79EFBC}") = "Tetris", "Tetris\Tetris.csproj", "{C44004B4-E117-4D8B-A3AD-4276440C8B5C}"
EndProject
Global
	GlobalSection(SolutionConfigurationPlatforms) = preSolution
		Debug|Any CPU = Debug|Any CPU
		Release|Any CPU = Release|Any CPU
	EndGlobalSection
	GlobalSection(ProjectConfigurationPlatforms) = postSolution
		{C44004B4-E117-4D8B-A3AD-4276440C8B5C}.Debug|Any CPU.ActiveCfg = Debug|Any CPU
		{C44004B4-E117-4D8B-A3AD-4276440C8B5C}.Debug|Any CPU.Build.0 = Debug|Any CPU
		{C44004B4-E117-4D8B-A3AD-4276440C8B5C}.Release|Any CPU.ActiveCfg = Release|Any CPU
		{C44004B4-E117-4D8B-A3AD-4276440C8B5C}.Release|Any CPU.Build.0 = Release|Any CPU
	EndGlobalSection
	GlobalSection(SolutionProperties) = preSolution
		HideSolutionNode = FALSE
	EndGlobalSection
	GlobalSection(ExtensibilityGlobals) = postSolution
		SolutionGuid = {F52146B6-DE85-45A9-858E-D7597874D5A0}
	EndGlobalSection
EndGlobal
